dependencies:
- name: nvidia-gpu-exporter
  repository: https://utkuozdemir.org/helm-charts
  version: 0.3.1
- name: gpu-operator
  repository: https://helm.ngc.nvidia.com/nvidia
  version: v1.11.0
digest: sha256:360ee7a9df8adc6fed285dbbadee1fa68d15181cb5d77f91d5fb97c62f7fef14
generated: "2022-08-20T16:52:48.113710505-07:00"
